lockfileVersion: '6.0'

settings:
  autoInstallPeers: true
  excludeLinksFromLockfile: false

dependencies:
  clipboard:
    specifier: ^2.0.11
    version: 2.0.11
  dayjs:
    specifier: ^1.11.9
    version: 1.11.10
  vconsole:
    specifier: ^3.15.1
    version: 3.15.1
  weixin-js-sdk:
    specifier: ^1.6.0
    version: 1.6.5

packages:

  /@babel/runtime@7.23.9:
    resolution: {integrity: sha512-0CX6F+BI2s9dkUqr08KFrAIZgNFj75rdBU/DjCyYLIaV/quFjkk6T+EJ2LkZHyZTbEV4L5p97mNkUsHl2wLFAw==}
    engines: {node: '>=6.9.0'}
    dependencies:
      regenerator-runtime: 0.14.1
    dev: false

  /clipboard@2.0.11:
    resolution: {integrity: sha512-C+0bbOqkezLIsmWSvlsXS0Q0bmkugu7jcfMIACB+RDEntIzQIkdr148we28AfSloQLRdZlYL/QYyrq05j/3Faw==}
    dependencies:
      good-listener: 1.2.2
      select: 1.1.2
      tiny-emitter: 2.1.0
    dev: false

  /copy-text-to-clipboard@3.2.0:
    resolution: {integrity: sha512-RnJFp1XR/LOBDckxTib5Qjr/PMfkatD0MUCQgdpqS8MdKiNUzBjAQBEN6oUy+jW7LI93BBG3DtMB2KOOKpGs2Q==}
    engines: {node: '>=12'}
    dev: false

  /core-js@3.36.0:
    resolution: {integrity: sha512-mt7+TUBbTFg5+GngsAxeKBTl5/VS0guFeJacYge9OmHb+m058UwwIm41SE9T4Den7ClatV57B6TYTuJ0CX1MAw==}
    requiresBuild: true
    dev: false

  /dayjs@1.11.10:
    resolution: {integrity: sha512-vjAczensTgRcqDERK0SR2XMwsF/tSvnvlv6VcF2GIhg6Sx4yOIt/irsr1RDJsKiIyBzJDpCoXiWWq28MqH2cnQ==}
    dev: false

  /delegate@3.2.0:
    resolution: {integrity: sha512-IofjkYBZaZivn0V8nnsMJGBr4jVLxHDheKSW88PyxS5QC4Vo9ZbZVvhzlSxY87fVq3STR6r+4cGepyHkcWOQSw==}
    dev: false

  /good-listener@1.2.2:
    resolution: {integrity: sha512-goW1b+d9q/HIwbVYZzZ6SsTr4IgE+WA44A0GmPIQstuOrgsFcT7VEJ48nmr9GaRtNu0XTKacFLGnBPAM6Afouw==}
    dependencies:
      delegate: 3.2.0
    dev: false

  /mutation-observer@1.0.3:
    resolution: {integrity: sha512-M/O/4rF2h776hV7qGMZUH3utZLO/jK7p8rnNgGkjKUw8zCGjRQPxB8z6+5l8+VjRUQ3dNYu4vjqXYLr+U8ZVNA==}
    dev: false

  /regenerator-runtime@0.14.1:
    resolution: {integrity: sha512-dYnhHh0nJoMfnkZs6GmmhFknAGRrLznOu5nc9ML+EJxGvrx6H7teuevqVqCuPcPK//3eDrrjQhehXVx9cnkGdw==}
    dev: false

  /select@1.1.2:
    resolution: {integrity: sha512-OwpTSOfy6xSs1+pwcNrv0RBMOzI39Lp3qQKUTPVVPRjCdNa5JH/oPRiqsesIskK8TVgmRiHwO4KXlV2Li9dANA==}
    dev: false

  /tiny-emitter@2.1.0:
    resolution: {integrity: sha512-NB6Dk1A9xgQPMoGqC5CVXn123gWyte215ONT5Pp5a0yt4nlEoO1ZWeCwpncaekPHXO60i47ihFnZPiRPjRMq4Q==}
    dev: false

  /vconsole@3.15.1:
    resolution: {integrity: sha512-KH8XLdrq9T5YHJO/ixrjivHfmF2PC2CdVoK6RWZB4yftMykYIaXY1mxZYAic70vADM54kpMQF+dYmvl5NRNy1g==}
    dependencies:
      '@babel/runtime': 7.23.9
      copy-text-to-clipboard: 3.2.0
      core-js: 3.36.0
      mutation-observer: 1.0.3
    dev: false

  /weixin-js-sdk@1.6.5:
    resolution: {integrity: sha512-Gph1WAWB2YN/lMOFB/ymb+hbU/wYazzJgu6PMMktCy9cSCeW5wA6Zwt0dpahJbJ+RJEwtTv2x9iIu0U4enuVSQ==}
    dev: false
